
Microsoft Visual Studio Solution File, Format Version 12.00
# Visual Studio 14
VisualStudioVersion = 14.0.25420.1
MinimumVisualStudioVersion = 10.0.40219.1
Project("{FAE04EC0-301F-11D3-BF4B-00C04F79EFBC}") = "DirectSoundLib", "DirectSoundLib\DirectSoundLib.csproj", "{C95B8FAE-6CC5-4D6D-9B80-A50643AE472A}"
EndProject
Project("{FAE04EC0-301F-11D3-BF4B-00C04F79EFBC}") = "GardeniaMusicCore", "GardeniaMusicCore\GardeniaMusicCore.csproj", "{1F787331-23CC-4464-831D-E43005F35932}"
EndProject
Project("{FAE04EC0-301F-11D3-BF4B-00C04F79EFBC}") = "GardeniaMusic", "GardeniaMusic\GardeniaMusic.csproj", "{4F6E29A6-304D-4EAC-AB7A-205D730BD2DA}"
EndProject
Project("{8BC9CEB8-8B4A-11D0-8D11-00A0C91BC942}") = "libgmusic", "GardeniaMusicDev\libgmusic.vcxproj", "{5BA8F4E5-B8D5-42FB-80C0-F9F31942EE87}"
EndProject
Global
	GlobalSection(SolutionConfigurationPlatforms) = preSolution
		Debug|Any CPU = Debug|Any CPU
		Debug|x64 = Debug|x64
		Debug|x86 = Debug|x86
		Release|Any CPU = Release|Any CPU
		Release|x64 = Release|x64
		Release|x86 = Release|x86
	EndGlobalSection
	GlobalSection(ProjectConfigurationPlatforms) = postSolution
		{C95B8FAE-6CC5-4D6D-9B80-A50643AE472A}.Debug|Any CPU.ActiveCfg = Debug|Any CPU
		{C95B8FAE-6CC5-4D6D-9B80-A50643AE472A}.Debug|Any CPU.Build.0 = Debug|Any CPU
		{C95B8FAE-6CC5-4D6D-9B80-A50643AE472A}.Debug|x64.ActiveCfg = Debug|Any CPU
		{C95B8FAE-6CC5-4D6D-9B80-A50643AE472A}.Debug|x64.Build.0 = Debug|Any CPU
		{C95B8FAE-6CC5-4D6D-9B80-A50643AE472A}.Debug|x86.ActiveCfg = Debug|Any CPU
		{C95B8FAE-6CC5-4D6D-9B80-A50643AE472A}.Debug|x86.Build.0 = Debug|Any CPU
		{C95B8FAE-6CC5-4D6D-9B80-A50643AE472A}.Release|Any CPU.ActiveCfg = Release|Any CPU
		{C95B8FAE-6CC5-4D6D-9B80-A50643AE472A}.Release|Any CPU.Build.0 = Release|Any CPU
		{C95B8FAE-6CC5-4D6D-9B80-A50643AE472A}.Release|x64.ActiveCfg = Release|Any CPU
		{C95B8FAE-6CC5-4D6D-9B80-A50643AE472A}.Release|x64.Build.0 = Release|Any CPU
		{C95B8FAE-6CC5-4D6D-9B80-A50643AE472A}.Release|x86.ActiveCfg = Release|Any CPU
		{C95B8FAE-6CC5-4D6D-9B80-A50643AE472A}.Release|x86.Build.0 = Release|Any CPU
		{1F787331-23CC-4464-831D-E43005F35932}.Debug|Any CPU.ActiveCfg = Debug|Any CPU
		{1F787331-23CC-4464-831D-E43005F35932}.Debug|Any CPU.Build.0 = Debug|Any CPU
		{1F787331-23CC-4464-831D-E43005F35932}.Debug|x64.ActiveCfg = Debug|Any CPU
		{1F787331-23CC-4464-831D-E43005F35932}.Debug|x64.Build.0 = Debug|Any CPU
		{1F787331-23CC-4464-831D-E43005F35932}.Debug|x86.ActiveCfg = Debug|Any CPU
		{1F787331-23CC-4464-831D-E43005F35932}.Debug|x86.Build.0 = Debug|Any CPU
		{1F787331-23CC-4464-831D-E43005F35932}.Release|Any CPU.ActiveCfg = Release|Any CPU
		{1F787331-23CC-4464-831D-E43005F35932}.Release|Any CPU.Build.0 = Release|Any CPU
		{1F787331-23CC-4464-831D-E43005F35932}.Release|x64.ActiveCfg = Release|Any CPU
		{1F787331-23CC-4464-831D-E43005F35932}.Release|x64.Build.0 = Release|Any CPU
		{1F787331-23CC-4464-831D-E43005F35932}.Release|x86.ActiveCfg = Release|Any CPU
		{1F787331-23CC-4464-831D-E43005F35932}.Release|x86.Build.0 = Release|Any CPU
		{4F6E29A6-304D-4EAC-AB7A-205D730BD2DA}.Debug|Any CPU.ActiveCfg = Debug|Any CPU
		{4F6E29A6-304D-4EAC-AB7A-205D730BD2DA}.Debug|Any CPU.Build.0 = Debug|Any CPU
		{4F6E29A6-304D-4EAC-AB7A-205D730BD2DA}.Debug|x64.ActiveCfg = Debug|Any CPU
		{4F6E29A6-304D-4EAC-AB7A-205D730BD2DA}.Debug|x64.Build.0 = Debug|Any CPU
		{4F6E29A6-304D-4EAC-AB7A-205D730BD2DA}.Debug|x86.ActiveCfg = Debug|Any CPU
		{4F6E29A6-304D-4EAC-AB7A-205D730BD2DA}.Debug|x86.Build.0 = Debug|Any CPU
		{4F6E29A6-304D-4EAC-AB7A-205D730BD2DA}.Release|Any CPU.ActiveCfg = Release|Any CPU
		{4F6E29A6-304D-4EAC-AB7A-205D730BD2DA}.Release|Any CPU.Build.0 = Release|Any CPU
		{4F6E29A6-304D-4EAC-AB7A-205D730BD2DA}.Release|x64.ActiveCfg = Release|Any CPU
		{4F6E29A6-304D-4EAC-AB7A-205D730BD2DA}.Release|x64.Build.0 = Release|Any CPU
		{4F6E29A6-304D-4EAC-AB7A-205D730BD2DA}.Release|x86.ActiveCfg = Release|Any CPU
		{4F6E29A6-304D-4EAC-AB7A-205D730BD2DA}.Release|x86.Build.0 = Release|Any CPU
		{5BA8F4E5-B8D5-42FB-80C0-F9F31942EE87}.Debug|Any CPU.ActiveCfg = Debug|Win32
		{5BA8F4E5-B8D5-42FB-80C0-F9F31942EE87}.Debug|x64.ActiveCfg = Debug|x64
		{5BA8F4E5-B8D5-42FB-80C0-F9F31942EE87}.Debug|x64.Build.0 = Debug|x64
		{5BA8F4E5-B8D5-42FB-80C0-F9F31942EE87}.Debug|x86.ActiveCfg = Debug|Win32
		{5BA8F4E5-B8D5-42FB-80C0-F9F31942EE87}.Debug|x86.Build.0 = Debug|Win32
		{5BA8F4E5-B8D5-42FB-80C0-F9F31942EE87}.Release|Any CPU.ActiveCfg = Release|Win32
		{5BA8F4E5-B8D5-42FB-80C0-F9F31942EE87}.Release|x64.ActiveCfg = Release|x64
		{5BA8F4E5-B8D5-42FB-80C0-F9F31942EE87}.Release|x64.Build.0 = Release|x64
		{5BA8F4E5-B8D5-42FB-80C0-F9F31942EE87}.Release|x86.ActiveCfg = Release|Win32
		{5BA8F4E5-B8D5-42FB-80C0-F9F31942EE87}.Release|x86.Build.0 = Release|Win32
	EndGlobalSection
	GlobalSection(SolutionProperties) = preSolution
		HideSolutionNode = FALSE
	EndGlobalSection
EndGlobal
