
Microsoft Visual Studio Solution File, Format Version 12.00
# Visual Studio 15
VisualStudioVersion = 15.0.28010.2019
MinimumVisualStudioVersion = 10.0.40219.1
Project("{FAE04EC0-301F-11D3-BF4B-00C04F79EFBC}") = "libdsound", "libdsound\libdsound.csproj", "{C95B8FAE-6CC5-4D6D-9B80-A50643AE472A}"
EndProject
Project("{FAE04EC0-301F-11D3-BF4B-00C04F79EFBC}") = "MediaCenter.AVCodecs", "MediaCenter.AVCodecs\MediaCenter.AVCodecs.csproj", "{2EA2B40A-BC7B-4BCC-BFF0-0DB298265701}"
EndProject
Project("{FAE04EC0-301F-11D3-BF4B-00C04F79EFBC}") = "MediaCenter.AVDemuxers", "MediaCenter.AVDemuxers\MediaCenter.AVDemuxers.csproj", "{CE106031-19B1-49B4-943F-E8C7C5ECB2BF}"
EndProject
Project("{FAE04EC0-301F-11D3-BF4B-00C04F79EFBC}") = "MediaCenter.AVDevices", "MediaCenter.AVDevices\MediaCenter.AVDevices.csproj", "{DEF5BDD2-49E1-4821-917D-66FBB3622C05}"
EndProject
Project("{FAE04EC0-301F-11D3-BF4B-00C04F79EFBC}") = "MediaCenter.AVStreams", "MediaCenter.AVStreams\MediaCenter.AVStreams.csproj", "{B7EF98A1-68B7-4C9D-93D0-06B5A228CAC8}"
EndProject
Project("{FAE04EC0-301F-11D3-BF4B-00C04F79EFBC}") = "MediaCenter.Base", "MediaCenter.Base\MediaCenter.Base.csproj", "{1F787331-23CC-4464-831D-E43005F35932}"
EndProject
Project("{FAE04EC0-301F-11D3-BF4B-00C04F79EFBC}") = "MediaCenter.Client", "MediaCenter.Client\MediaCenter.Client.csproj", "{4F6E29A6-304D-4EAC-AB7A-205D730BD2DA}"
EndProject
Global
	GlobalSection(SolutionConfigurationPlatforms) = preSolution
		Debug|Any CPU = Debug|Any CPU
		Debug|x64 = Debug|x64
		Debug|x86 = Debug|x86
		Release|Any CPU = Release|Any CPU
		Release|x64 = Release|x64
		Release|x86 = Release|x86
	EndGlobalSection
	GlobalSection(ProjectConfigurationPlatforms) = postSolution
		{C95B8FAE-6CC5-4D6D-9B80-A50643AE472A}.Debug|Any CPU.ActiveCfg = Debug|Any CPU
		{C95B8FAE-6CC5-4D6D-9B80-A50643AE472A}.Debug|Any CPU.Build.0 = Debug|Any CPU
		{C95B8FAE-6CC5-4D6D-9B80-A50643AE472A}.Debug|x64.ActiveCfg = Debug|Any CPU
		{C95B8FAE-6CC5-4D6D-9B80-A50643AE472A}.Debug|x64.Build.0 = Debug|Any CPU
		{C95B8FAE-6CC5-4D6D-9B80-A50643AE472A}.Debug|x86.ActiveCfg = Debug|Any CPU
		{C95B8FAE-6CC5-4D6D-9B80-A50643AE472A}.Debug|x86.Build.0 = Debug|Any CPU
		{C95B8FAE-6CC5-4D6D-9B80-A50643AE472A}.Release|Any CPU.ActiveCfg = Release|Any CPU
		{C95B8FAE-6CC5-4D6D-9B80-A50643AE472A}.Release|Any CPU.Build.0 = Release|Any CPU
		{C95B8FAE-6CC5-4D6D-9B80-A50643AE472A}.Release|x64.ActiveCfg = Release|Any CPU
		{C95B8FAE-6CC5-4D6D-9B80-A50643AE472A}.Release|x64.Build.0 = Release|Any CPU
		{C95B8FAE-6CC5-4D6D-9B80-A50643AE472A}.Release|x86.ActiveCfg = Release|Any CPU
		{C95B8FAE-6CC5-4D6D-9B80-A50643AE472A}.Release|x86.Build.0 = Release|Any CPU
		{2EA2B40A-BC7B-4BCC-BFF0-0DB298265701}.Debug|Any CPU.ActiveCfg = Debug|Any CPU
		{2EA2B40A-BC7B-4BCC-BFF0-0DB298265701}.Debug|Any CPU.Build.0 = Debug|Any CPU
		{2EA2B40A-BC7B-4BCC-BFF0-0DB298265701}.Debug|x64.ActiveCfg = Debug|Any CPU
		{2EA2B40A-BC7B-4BCC-BFF0-0DB298265701}.Debug|x64.Build.0 = Debug|Any CPU
		{2EA2B40A-BC7B-4BCC-BFF0-0DB298265701}.Debug|x86.ActiveCfg = Debug|Any CPU
		{2EA2B40A-BC7B-4BCC-BFF0-0DB298265701}.Debug|x86.Build.0 = Debug|Any CPU
		{2EA2B40A-BC7B-4BCC-BFF0-0DB298265701}.Release|Any CPU.ActiveCfg = Release|Any CPU
		{2EA2B40A-BC7B-4BCC-BFF0-0DB298265701}.Release|Any CPU.Build.0 = Release|Any CPU
		{2EA2B40A-BC7B-4BCC-BFF0-0DB298265701}.Release|x64.ActiveCfg = Release|Any CPU
		{2EA2B40A-BC7B-4BCC-BFF0-0DB298265701}.Release|x64.Build.0 = Release|Any CPU
		{2EA2B40A-BC7B-4BCC-BFF0-0DB298265701}.Release|x86.ActiveCfg = Release|Any CPU
		{2EA2B40A-BC7B-4BCC-BFF0-0DB298265701}.Release|x86.Build.0 = Release|Any CPU
		{CE106031-19B1-49B4-943F-E8C7C5ECB2BF}.Debug|Any CPU.ActiveCfg = Debug|Any CPU
		{CE106031-19B1-49B4-943F-E8C7C5ECB2BF}.Debug|Any CPU.Build.0 = Debug|Any CPU
		{CE106031-19B1-49B4-943F-E8C7C5ECB2BF}.Debug|x64.ActiveCfg = Debug|Any CPU
		{CE106031-19B1-49B4-943F-E8C7C5ECB2BF}.Debug|x64.Build.0 = Debug|Any CPU
		{CE106031-19B1-49B4-943F-E8C7C5ECB2BF}.Debug|x86.ActiveCfg = Debug|Any CPU
		{CE106031-19B1-49B4-943F-E8C7C5ECB2BF}.Debug|x86.Build.0 = Debug|Any CPU
		{CE106031-19B1-49B4-943F-E8C7C5ECB2BF}.Release|Any CPU.ActiveCfg = Release|Any CPU
		{CE106031-19B1-49B4-943F-E8C7C5ECB2BF}.Release|Any CPU.Build.0 = Release|Any CPU
		{CE106031-19B1-49B4-943F-E8C7C5ECB2BF}.Release|x64.ActiveCfg = Release|Any CPU
		{CE106031-19B1-49B4-943F-E8C7C5ECB2BF}.Release|x64.Build.0 = Release|Any CPU
		{CE106031-19B1-49B4-943F-E8C7C5ECB2BF}.Release|x86.ActiveCfg = Release|Any CPU
		{CE106031-19B1-49B4-943F-E8C7C5ECB2BF}.Release|x86.Build.0 = Release|Any CPU
		{DEF5BDD2-49E1-4821-917D-66FBB3622C05}.Debug|Any CPU.ActiveCfg = Debug|Any CPU
		{DEF5BDD2-49E1-4821-917D-66FBB3622C05}.Debug|Any CPU.Build.0 = Debug|Any CPU
		{DEF5BDD2-49E1-4821-917D-66FBB3622C05}.Debug|x64.ActiveCfg = Debug|Any CPU
		{DEF5BDD2-49E1-4821-917D-66FBB3622C05}.Debug|x64.Build.0 = Debug|Any CPU
		{DEF5BDD2-49E1-4821-917D-66FBB3622C05}.Debug|x86.ActiveCfg = Debug|Any CPU
		{DEF5BDD2-49E1-4821-917D-66FBB3622C05}.Debug|x86.Build.0 = Debug|Any CPU
		{DEF5BDD2-49E1-4821-917D-66FBB3622C05}.Release|Any CPU.ActiveCfg = Release|Any CPU
		{DEF5BDD2-49E1-4821-917D-66FBB3622C05}.Release|Any CPU.Build.0 = Release|Any CPU
		{DEF5BDD2-49E1-4821-917D-66FBB3622C05}.Release|x64.ActiveCfg = Release|Any CPU
		{DEF5BDD2-49E1-4821-917D-66FBB3622C05}.Release|x64.Build.0 = Release|Any CPU
		{DEF5BDD2-49E1-4821-917D-66FBB3622C05}.Release|x86.ActiveCfg = Release|Any CPU
		{DEF5BDD2-49E1-4821-917D-66FBB3622C05}.Release|x86.Build.0 = Release|Any CPU
		{B7EF98A1-68B7-4C9D-93D0-06B5A228CAC8}.Debug|Any CPU.ActiveCfg = Debug|Any CPU
		{B7EF98A1-68B7-4C9D-93D0-06B5A228CAC8}.Debug|Any CPU.Build.0 = Debug|Any CPU
		{B7EF98A1-68B7-4C9D-93D0-06B5A228CAC8}.Debug|x64.ActiveCfg = Debug|Any CPU
		{B7EF98A1-68B7-4C9D-93D0-06B5A228CAC8}.Debug|x64.Build.0 = Debug|Any CPU
		{B7EF98A1-68B7-4C9D-93D0-06B5A228CAC8}.Debug|x86.ActiveCfg = Debug|Any CPU
		{B7EF98A1-68B7-4C9D-93D0-06B5A228CAC8}.Debug|x86.Build.0 = Debug|Any CPU
		{B7EF98A1-68B7-4C9D-93D0-06B5A228CAC8}.Release|Any CPU.ActiveCfg = Release|Any CPU
		{B7EF98A1-68B7-4C9D-93D0-06B5A228CAC8}.Release|Any CPU.Build.0 = Release|Any CPU
		{B7EF98A1-68B7-4C9D-93D0-06B5A228CAC8}.Release|x64.ActiveCfg = Release|Any CPU
		{B7EF98A1-68B7-4C9D-93D0-06B5A228CAC8}.Release|x64.Build.0 = Release|Any CPU
		{B7EF98A1-68B7-4C9D-93D0-06B5A228CAC8}.Release|x86.ActiveCfg = Release|Any CPU
		{B7EF98A1-68B7-4C9D-93D0-06B5A228CAC8}.Release|x86.Build.0 = Release|Any CPU
		{1F787331-23CC-4464-831D-E43005F35932}.Debug|Any CPU.ActiveCfg = Debug|Any CPU
		{1F787331-23CC-4464-831D-E43005F35932}.Debug|Any CPU.Build.0 = Debug|Any CPU
		{1F787331-23CC-4464-831D-E43005F35932}.Debug|x64.ActiveCfg = Debug|Any CPU
		{1F787331-23CC-4464-831D-E43005F35932}.Debug|x64.Build.0 = Debug|Any CPU
		{1F787331-23CC-4464-831D-E43005F35932}.Debug|x86.ActiveCfg = Debug|Any CPU
		{1F787331-23CC-4464-831D-E43005F35932}.Debug|x86.Build.0 = Debug|Any CPU
		{1F787331-23CC-4464-831D-E43005F35932}.Release|Any CPU.ActiveCfg = Release|Any CPU
		{1F787331-23CC-4464-831D-E43005F35932}.Release|Any CPU.Build.0 = Release|Any CPU
		{1F787331-23CC-4464-831D-E43005F35932}.Release|x64.ActiveCfg = Release|Any CPU
		{1F787331-23CC-4464-831D-E43005F35932}.Release|x64.Build.0 = Release|Any CPU
		{1F787331-23CC-4464-831D-E43005F35932}.Release|x86.ActiveCfg = Release|Any CPU
		{1F787331-23CC-4464-831D-E43005F35932}.Release|x86.Build.0 = Release|Any CPU
		{4F6E29A6-304D-4EAC-AB7A-205D730BD2DA}.Debug|Any CPU.ActiveCfg = Debug|Any CPU
		{4F6E29A6-304D-4EAC-AB7A-205D730BD2DA}.Debug|Any CPU.Build.0 = Debug|Any CPU
		{4F6E29A6-304D-4EAC-AB7A-205D730BD2DA}.Debug|x64.ActiveCfg = Debug|Any CPU
		{4F6E29A6-304D-4EAC-AB7A-205D730BD2DA}.Debug|x64.Build.0 = Debug|Any CPU
		{4F6E29A6-304D-4EAC-AB7A-205D730BD2DA}.Debug|x86.ActiveCfg = Debug|Any CPU
		{4F6E29A6-304D-4EAC-AB7A-205D730BD2DA}.Debug|x86.Build.0 = Debug|Any CPU
		{4F6E29A6-304D-4EAC-AB7A-205D730BD2DA}.Release|Any CPU.ActiveCfg = Release|Any CPU
		{4F6E29A6-304D-4EAC-AB7A-205D730BD2DA}.Release|Any CPU.Build.0 = Release|Any CPU
		{4F6E29A6-304D-4EAC-AB7A-205D730BD2DA}.Release|x64.ActiveCfg = Release|Any CPU
		{4F6E29A6-304D-4EAC-AB7A-205D730BD2DA}.Release|x64.Build.0 = Release|Any CPU
		{4F6E29A6-304D-4EAC-AB7A-205D730BD2DA}.Release|x86.ActiveCfg = Release|Any CPU
		{4F6E29A6-304D-4EAC-AB7A-205D730BD2DA}.Release|x86.Build.0 = Release|Any CPU
	EndGlobalSection
	GlobalSection(SolutionProperties) = preSolution
		HideSolutionNode = FALSE
	EndGlobalSection
	GlobalSection(ExtensibilityGlobals) = postSolution
		SolutionGuid = {4F0E7632-22AA-4384-BDF3-E0D1F4925996}
	EndGlobalSection
EndGlobal
