<?xml version="1.0" encoding="utf-8"?>
<Project ToolsVersion="4.0" xmlns="http://schemas.microsoft.com/developer/msbuild/2003">
  <ItemGroup>
    <Filter Include="demuxer">
      <UniqueIdentifier>{9058bcb1-6a75-418d-b46f-3a43b751314d}</UniqueIdentifier>
    </Filter>
    <Filter Include="stream">
      <UniqueIdentifier>{afbf9cc2-7879-48de-bae9-990a781597e0}</UniqueIdentifier>
    </Filter>
  </ItemGroup>
  <ItemGroup>
    <ClCompile Include="libgmstream\stream.c">
      <Filter>stream</Filter>
    </ClCompile>
    <ClCompile Include="libgmstream\stream_file.c">
      <Filter>stream</Filter>
    </ClCompile>
    <ClCompile Include="main.c" />
    <ClCompile Include="demuxer\demuxer_ffmpeg.c">
      <Filter>demuxer</Filter>
    </ClCompile>
    <ClCompile Include="helper.c" />
  </ItemGroup>
  <ItemGroup>
    <ClInclude Include="libgmstream\stream.h">
      <Filter>stream</Filter>
    </ClInclude>
    <ClInclude Include="commondef.h" />
  </ItemGroup>
</Project>